
Microsoft Visual Studio Solution File, Format Version 12.00
# Visual Studio Version 17
VisualStudioVersion = 17.9.34616.47
MinimumVisualStudioVersion = 10.0.40219.1
Project("{9A19103F-16F7-4668-BE54-9A1E7A4F7556}") = "UploadChunked", "UploadChunked.csproj", "{2F680B37-61E6-4B95-857B-B102D24F4F83}"
EndProject
Global
	GlobalSection(SolutionConfigurationPlatforms) = preSolution
		Debug|Any CPU = Debug|Any CPU
		Release|Any CPU = Release|Any CPU
	EndGlobalSection
	GlobalSection(ProjectConfigurationPlatforms) = postSolution
		{2F680B37-61E6-4B95-857B-B102D24F4F83}.Debug|Any CPU.ActiveCfg = Debug|Any CPU
		{2F680B37-61E6-4B95-857B-B102D24F4F83}.Debug|Any CPU.Build.0 = Debug|Any CPU
		{2F680B37-61E6-4B95-857B-B102D24F4F83}.Release|Any CPU.ActiveCfg = Release|Any CPU
		{2F680B37-61E6-4B95-857B-B102D24F4F83}.Release|Any CPU.Build.0 = Release|Any CPU
	EndGlobalSection
	GlobalSection(SolutionProperties) = preSolution
		HideSolutionNode = FALSE
	EndGlobalSection
	GlobalSection(ExtensibilityGlobals) = postSolution
		SolutionGuid = {FCF760C5-BCB2-4EC1-BA58-1A1E7EC87F0F}
	EndGlobalSection
EndGlobal
